
Microsoft Visual Studio Solution File, Format Version 12.00
# Visual Studio Version 17
VisualStudioVersion = 17.5.320.0
MinimumVisualStudioVersion = 10.0.40219.1
Project("{FAE04EC0-301F-11D3-BF4B-00C04F79EFBC}") = "TmsApi.Api", "c:\Users\CSUG\Desktop\final\tms-api\TmsApi\TmsApi.Api\TmsApi.Api.csproj", "{13500976-A5E5-5C3C-D60B-85C8D6661FC1}"
EndProject
Project("{FAE04EC0-301F-11D3-BF4B-00C04F79EFBC}") = "TmsApi.Application", "c:\Users\CSUG\Desktop\final\tms-api\TmsApi\TmsApi.Application\TmsApi.Application.csproj", "{61E08A74-DC05-B099-10A5-471B66BE8720}"
EndProject
Project("{FAE04EC0-301F-11D3-BF4B-00C04F79EFBC}") = "TmsApi.Domain", "c:\Users\CSUG\Desktop\final\tms-api\TmsApi\TmsApi.Domain\TmsApi.Domain.csproj", "{D8DE88E5-8AEA-0BE9-A140-935A07B6B5E1}"
EndProject
Project("{FAE04EC0-301F-11D3-BF4B-00C04F79EFBC}") = "TmsApi.Infrastructure", "c:\Users\CSUG\Desktop\final\tms-api\TmsApi\TmsApi.Infrastructure\TmsApi.Infrastructure.csproj", "{D05546AD-D87C-004A-CF6F-EFF1821C7316}"
EndProject
Global
	GlobalSection(SolutionConfigurationPlatforms) = preSolution
		Debug|Any CPU = Debug|Any CPU
		Debug|x64 = Debug|x64
		Debug|x86 = Debug|x86
		Release|Any CPU = Release|Any CPU
		Release|x64 = Release|x64
		Release|x86 = Release|x86
	EndGlobalSection
	GlobalSection(ProjectConfigurationPlatforms) = postSolution
		{13500976-A5E5-5C3C-D60B-85C8D6661FC1}.Debug|Any CPU.ActiveCfg = Debug|Any CPU
		{13500976-A5E5-5C3C-D60B-85C8D6661FC1}.Debug|Any CPU.Build.0 = Debug|Any CPU
		{13500976-A5E5-5C3C-D60B-85C8D6661FC1}.Debug|x64.ActiveCfg = Debug|Any CPU
		{13500976-A5E5-5C3C-D60B-85C8D6661FC1}.Debug|x64.Build.0 = Debug|Any CPU
		{13500976-A5E5-5C3C-D60B-85C8D6661FC1}.Debug|x86.ActiveCfg = Debug|Any CPU
		{13500976-A5E5-5C3C-D60B-85C8D6661FC1}.Debug|x86.Build.0 = Debug|Any CPU
		{13500976-A5E5-5C3C-D60B-85C8D6661FC1}.Release|Any CPU.ActiveCfg = Release|Any CPU
		{13500976-A5E5-5C3C-D60B-85C8D6661FC1}.Release|Any CPU.Build.0 = Release|Any CPU
		{13500976-A5E5-5C3C-D60B-85C8D6661FC1}.Release|x64.ActiveCfg = Release|Any CPU
		{13500976-A5E5-5C3C-D60B-85C8D6661FC1}.Release|x64.Build.0 = Release|Any CPU
		{13500976-A5E5-5C3C-D60B-85C8D6661FC1}.Release|x86.ActiveCfg = Release|Any CPU
		{13500976-A5E5-5C3C-D60B-85C8D6661FC1}.Release|x86.Build.0 = Release|Any CPU
		{61E08A74-DC05-B099-10A5-471B66BE8720}.Debug|Any CPU.ActiveCfg = Debug|Any CPU
		{61E08A74-DC05-B099-10A5-471B66BE8720}.Debug|Any CPU.Build.0 = Debug|Any CPU
		{61E08A74-DC05-B099-10A5-471B66BE8720}.Debug|x64.ActiveCfg = Debug|Any CPU
		{61E08A74-DC05-B099-10A5-471B66BE8720}.Debug|x64.Build.0 = Debug|Any CPU
		{61E08A74-DC05-B099-10A5-471B66BE8720}.Debug|x86.ActiveCfg = Debug|Any CPU
		{61E08A74-DC05-B099-10A5-471B66BE8720}.Debug|x86.Build.0 = Debug|Any CPU
		{61E08A74-DC05-B099-10A5-471B66BE8720}.Release|Any CPU.ActiveCfg = Release|Any CPU
		{61E08A74-DC05-B099-10A5-471B66BE8720}.Release|Any CPU.Build.0 = Release|Any CPU
		{61E08A74-DC05-B099-10A5-471B66BE8720}.Release|x64.ActiveCfg = Release|Any CPU
		{61E08A74-DC05-B099-10A5-471B66BE8720}.Release|x64.Build.0 = Release|Any CPU
		{61E08A74-DC05-B099-10A5-471B66BE8720}.Release|x86.ActiveCfg = Release|Any CPU
		{61E08A74-DC05-B099-10A5-471B66BE8720}.Release|x86.Build.0 = Release|Any CPU
		{D8DE88E5-8AEA-0BE9-A140-935A07B6B5E1}.Debug|Any CPU.ActiveCfg = Debug|Any CPU
		{D8DE88E5-8AEA-0BE9-A140-935A07B6B5E1}.Debug|Any CPU.Build.0 = Debug|Any CPU
		{D8DE88E5-8AEA-0BE9-A140-935A07B6B5E1}.Debug|x64.ActiveCfg = Debug|Any CPU
		{D8DE88E5-8AEA-0BE9-A140-935A07B6B5E1}.Debug|x64.Build.0 = Debug|Any CPU
		{D8DE88E5-8AEA-0BE9-A140-935A07B6B5E1}.Debug|x86.ActiveCfg = Debug|Any CPU
		{D8DE88E5-8AEA-0BE9-A140-935A07B6B5E1}.Debug|x86.Build.0 = Debug|Any CPU
		{D8DE88E5-8AEA-0BE9-A140-935A07B6B5E1}.Release|Any CPU.ActiveCfg = Release|Any CPU
		{D8DE88E5-8AEA-0BE9-A140-935A07B6B5E1}.Release|Any CPU.Build.0 = Release|Any CPU
		{D8DE88E5-8AEA-0BE9-A140-935A07B6B5E1}.Release|x64.ActiveCfg = Release|Any CPU
		{D8DE88E5-8AEA-0BE9-A140-935A07B6B5E1}.Release|x64.Build.0 = Release|Any CPU
		{D8DE88E5-8AEA-0BE9-A140-935A07B6B5E1}.Release|x86.ActiveCfg = Release|Any CPU
		{D8DE88E5-8AEA-0BE9-A140-935A07B6B5E1}.Release|x86.Build.0 = Release|Any CPU
		{D05546AD-D87C-004A-CF6F-EFF1821C7316}.Debug|Any CPU.ActiveCfg = Debug|Any CPU
		{D05546AD-D87C-004A-CF6F-EFF1821C7316}.Debug|Any CPU.Build.0 = Debug|Any CPU
		{D05546AD-D87C-004A-CF6F-EFF1821C7316}.Debug|x64.ActiveCfg = Debug|Any CPU
		{D05546AD-D87C-004A-CF6F-EFF1821C7316}.Debug|x64.Build.0 = Debug|Any CPU
		{D05546AD-D87C-004A-CF6F-EFF1821C7316}.Debug|x86.ActiveCfg = Debug|Any CPU
		{D05546AD-D87C-004A-CF6F-EFF1821C7316}.Debug|x86.Build.0 = Debug|Any CPU
		{D05546AD-D87C-004A-CF6F-EFF1821C7316}.Release|Any CPU.ActiveCfg = Release|Any CPU
		{D05546AD-D87C-004A-CF6F-EFF1821C7316}.Release|Any CPU.Build.0 = Release|Any CPU
		{D05546AD-D87C-004A-CF6F-EFF1821C7316}.Release|x64.ActiveCfg = Release|Any CPU
		{D05546AD-D87C-004A-CF6F-EFF1821C7316}.Release|x64.Build.0 = Release|Any CPU
		{D05546AD-D87C-004A-CF6F-EFF1821C7316}.Release|x86.ActiveCfg = Release|Any CPU
		{D05546AD-D87C-004A-CF6F-EFF1821C7316}.Release|x86.Build.0 = Release|Any CPU
	EndGlobalSection
	GlobalSection(SolutionProperties) = preSolution
		HideSolutionNode = FALSE
	EndGlobalSection
	GlobalSection(ExtensibilityGlobals) = postSolution
		SolutionGuid = {3104F7D6-83F2-4794-904C-202FD2F65CC5}
	EndGlobalSection
EndGlobal
